
Microsoft Visual Studio Solution File, Format Version 12.00
# Visual Studio Version 17
VisualStudioVersion = 17.6.33801.468
MinimumVisualStudioVersion = 10.0.40219.1
Project("{FAE04EC0-301F-11D3-BF4B-00C04F79EFBC}") = "ESTRUTURA CONDICIONAL – SWITCH-003", "ESTRUTURA CONDICIONAL – SWITCH-003.csproj", "{CE1CB9BB-0B86-4CD4-AE62-2164C5A43ADB}"
EndProject
Global
	GlobalSection(SolutionConfigurationPlatforms) = preSolution
		Debug|Any CPU = Debug|Any CPU
		Release|Any CPU = Release|Any CPU
	EndGlobalSection
	GlobalSection(ProjectConfigurationPlatforms) = postSolution
		{CE1CB9BB-0B86-4CD4-AE62-2164C5A43ADB}.Debug|Any CPU.ActiveCfg = Debug|Any CPU
		{CE1CB9BB-0B86-4CD4-AE62-2164C5A43ADB}.Debug|Any CPU.Build.0 = Debug|Any CPU
		{CE1CB9BB-0B86-4CD4-AE62-2164C5A43ADB}.Release|Any CPU.ActiveCfg = Release|Any CPU
		{CE1CB9BB-0B86-4CD4-AE62-2164C5A43ADB}.Release|Any CPU.Build.0 = Release|Any CPU
	EndGlobalSection
	GlobalSection(SolutionProperties) = preSolution
		HideSolutionNode = FALSE
	EndGlobalSection
	GlobalSection(ExtensibilityGlobals) = postSolution
		SolutionGuid = {424E9B0E-1847-4308-8EA0-13B82A96D290}
	EndGlobalSection
EndGlobal
